<?xml version="1.0" encoding="utf-8"?>
<Project ToolsVersion="4.0" xmlns="http://schemas.microsoft.com/developer/msbuild/2003">
  <ItemGroup>
    <Filter Include="HooksManager">
      <UniqueIdentifier>{6cdd48e9-ef77-4bd2-bd36-01b87dd9acb9}</UniqueIdentifier>
    </Filter>
    <Filter Include="g2api">
      <UniqueIdentifier>{4e47c16e-9595-4baf-b3f4-81faa1ccea34}</UniqueIdentifier>
    </Filter>
    <Filter Include="res">
      <UniqueIdentifier>{67DA6AB6-F800-4c08-8B7A-83BB121AAD01}</UniqueIdentifier>
      <Extensions>rc;ico;cur;bmp;dlg;rc2;rct;bin;rgs;gif;jpg;jpeg;jpe;resx;tiff;tif;png;wav</Extensions>
    </Filter>
    <Filter Include="patch">
      <UniqueIdentifier>{8e40cedf-fc04-40f9-9395-563225663ea9}</UniqueIdentifier>
    </Filter>
    <Filter Include="common">
      <UniqueIdentifier>{93cd3040-2285-446e-8e4d-2b18103554d0}</UniqueIdentifier>
    </Filter>
    <Filter Include="common\ExceptionHandler">
      <UniqueIdentifier>{cb5cbb58-a3d6-4869-9b08-15b9944c57b9}</UniqueIdentifier>
    </Filter>
    <Filter Include="common\InjectMage">
      <UniqueIdentifier>{62a34c12-a5fa-4ce5-b78b-b1f56ef82a06}</UniqueIdentifier>
    </Filter>
    <Filter Include="common\Log">
      <UniqueIdentifier>{4bb1daa8-25ec-4d16-b11e-b75b4c9e9339}</UniqueIdentifier>
    </Filter>
    <Filter Include="common\CLanguage">
      <UniqueIdentifier>{eb1fabc1-aaef-4626-9e86-933a7d94f3af}</UniqueIdentifier>
    </Filter>
    <Filter Include="common\CConfig">
      <UniqueIdentifier>{3efa9932-0a7c-4c1b-808a-6f127e56c6c4}</UniqueIdentifier>
    </Filter>
    <Filter Include="common\CUpdate">
      <UniqueIdentifier>{acef683a-87ed-4d92-a8db-ee234e36a054}</UniqueIdentifier>
    </Filter>
    <Filter Include="CGmpClient">
      <UniqueIdentifier>{ae629259-1844-4334-925b-91d2faa072e7}</UniqueIdentifier>
    </Filter>
    <Filter Include="CGmpClient\Npcs">
      <UniqueIdentifier>{8ac958bd-3fff-4bd8-8579-010160310932}</UniqueIdentifier>
    </Filter>
    <Filter Include="CGmpClient\Player">
      <UniqueIdentifier>{44ca7565-dcc2-4952-8a5b-49a558f96c4f}</UniqueIdentifier>
    </Filter>
    <Filter Include="CGmpClient\Player\Inventory">
      <UniqueIdentifier>{24bdf8b6-e824-475e-bdaf-90f84f196a28}</UniqueIdentifier>
    </Filter>
    <Filter Include="CGmpClient\Player\Interpolate">
      <UniqueIdentifier>{024c0fc6-3b97-41e3-b559-6cd42167a378}</UniqueIdentifier>
    </Filter>
    <Filter Include="Interface">
      <UniqueIdentifier>{3f4b1e7c-adb7-47eb-9778-7a0985f2c759}</UniqueIdentifier>
    </Filter>
    <Filter Include="Network">
      <UniqueIdentifier>{3538240d-0414-4674-b4ca-6bef8dc3ff35}</UniqueIdentifier>
    </Filter>
    <Filter Include="Shared">
      <UniqueIdentifier>{8091913d-b0ab-4128-b9fb-331032637fba}</UniqueIdentifier>
    </Filter>
    <Filter Include="Shared\SharedUtil">
      <UniqueIdentifier>{9e4b999e-1165-4ea9-8ea2-f34acf42e388}</UniqueIdentifier>
    </Filter>
    <Filter Include="WorldBuilder">
      <UniqueIdentifier>{3295dc3f-ed24-44f8-8158-e5ff4bef0991}</UniqueIdentifier>
    </Filter>
    <Filter Include="zlib">
      <UniqueIdentifier>{a790f87e-60a2-4bbc-a8df-ab660f2ba657}</UniqueIdentifier>
    </Filter>
    <Filter Include="RakNet">
      <UniqueIdentifier>{5ec477d5-90c7-4ba2-9e6d-2cf988f952f1}</UniqueIdentifier>
    </Filter>
  </ItemGroup>
  <ItemGroup>
    <ClCompile Include="HooksManager.cpp">
      <Filter>HooksManager</Filter>
    </ClCompile>
    <ClCompile Include="GMPSplash.cpp">
      <Filter>patch</Filter>
    </ClCompile>
    <ClCompile Include="patch.cpp">
      <Filter>patch</Filter>
    </ClCompile>
    <ClCompile Include="..\GMP_Serv\CCompression.cpp">
      <Filter>common</Filter>
    </ClCompile>
    <ClCompile Include="..\GMP_Serv\crypt.cpp">
      <Filter>common</Filter>
    </ClCompile>
    <ClCompile Include="keyboard.cpp">
      <Filter>common</Filter>
    </ClCompile>
    <ClCompile Include="ExceptionHandler.cpp">
      <Filter>common\ExceptionHandler</Filter>
    </ClCompile>
    <ClCompile Include="CLog.cpp">
      <Filter>common\Log</Filter>
    </ClCompile>
    <ClCompile Include="CLanguage.cpp">
      <Filter>common\CLanguage</Filter>
    </ClCompile>
    <ClCompile Include="CConfig.cpp">
      <Filter>common\CConfig</Filter>
    </ClCompile>
    <ClCompile Include="CUpdate.cpp">
      <Filter>common\CUpdate</Filter>
    </ClCompile>
    <ClCompile Include="CActiveAniID.cpp">
      <Filter>CGmpClient</Filter>
    </ClCompile>
    <ClCompile Include="CGmpClient.cpp">
      <Filter>CGmpClient</Filter>
    </ClCompile>
    <ClCompile Include="CHeroClass.cpp">
      <Filter>CGmpClient</Filter>
    </ClCompile>
    <ClCompile Include="CIngame.cpp">
      <Filter>CGmpClient</Filter>
    </ClCompile>
    <ClCompile Include="CSelectClass.cpp">
      <Filter>CGmpClient</Filter>
    </ClCompile>
    <ClCompile Include="CSpawnPoint.cpp">
      <Filter>CGmpClient</Filter>
    </ClCompile>
    <ClCompile Include="CSyncFuncs.cpp">
      <Filter>CGmpClient</Filter>
    </ClCompile>
    <ClCompile Include="CFollowNpc.cpp">
      <Filter>CGmpClient\Npcs</Filter>
    </ClCompile>
    <ClCompile Include="CObservation.cpp">
      <Filter>CGmpClient\Npcs</Filter>
    </ClCompile>
    <ClCompile Include="CSanta.cpp">
      <Filter>CGmpClient\Npcs</Filter>
    </ClCompile>
    <ClCompile Include="CShrinker.cpp">
      <Filter>CGmpClient\Npcs</Filter>
    </ClCompile>
    <ClCompile Include="CLocalPlayer.cpp">
      <Filter>CGmpClient\Player</Filter>
    </ClCompile>
    <ClCompile Include="CPlayer.cpp">
      <Filter>CGmpClient\Player</Filter>
    </ClCompile>
    <ClCompile Include="CInventory.cpp">
      <Filter>CGmpClient\Player\Inventory</Filter>
    </ClCompile>
    <ClCompile Include="CInterpolatePos.cpp">
      <Filter>CGmpClient\Player\Interpolate</Filter>
    </ClCompile>
    <ClCompile Include="CAnimMenu.cpp">
      <Filter>Interface</Filter>
    </ClCompile>
    <ClCompile Include="CChat.cpp">
      <Filter>Interface</Filter>
    </ClCompile>
    <ClCompile Include="CMainMenu.cpp">
      <Filter>Interface</Filter>
    </ClCompile>
    <ClCompile Include="CMap.cpp">
      <Filter>Interface</Filter>
    </ClCompile>
    <ClCompile Include="CMenu.cpp">
      <Filter>Interface</Filter>
    </ClCompile>
    <ClCompile Include="CPlayerList.cpp">
      <Filter>Interface</Filter>
    </ClCompile>
    <ClCompile Include="CWatch.cpp">
      <Filter>Interface</Filter>
    </ClCompile>
    <ClCompile Include="Interface.cpp">
      <Filter>Interface</Filter>
    </ClCompile>
    <ClCompile Include="CServerList.cpp">
      <Filter>Network</Filter>
    </ClCompile>
    <ClCompile Include="..\Shared\SharedUtil.cpp">
      <Filter>Shared\SharedUtil</Filter>
    </ClCompile>
    <ClCompile Include="WorldBuilder\CBuilder.cpp">
      <Filter>WorldBuilder</Filter>
    </ClCompile>
    <ClCompile Include="CObjectMenu.cpp">
      <Filter>WorldBuilder</Filter>
    </ClCompile>
    <ClCompile Include="WorldBuilder\load.cpp">
      <Filter>WorldBuilder</Filter>
    </ClCompile>
    <ClCompile Include="WorldBuilder\save.cpp">
      <Filter>WorldBuilder</Filter>
    </ClCompile>
    <ClCompile Include="GMP_Client.cpp" />
    <ClCompile Include="Mod.cpp" />
    <ClCompile Include="..\zlib\crc32.c">
      <Filter>zlib</Filter>
    </ClCompile>
    <ClCompile Include="..\zlib\deflate.c">
      <Filter>zlib</Filter>
    </ClCompile>
    <ClCompile Include="..\zlib\gzclose.c">
      <Filter>zlib</Filter>
    </ClCompile>
    <ClCompile Include="..\zlib\gzlib.c">
      <Filter>zlib</Filter>
    </ClCompile>
    <ClCompile Include="..\zlib\gzread.c">
      <Filter>zlib</Filter>
    </ClCompile>
    <ClCompile Include="..\zlib\gzwrite.c">
      <Filter>zlib</Filter>
    </ClCompile>
    <ClCompile Include="..\zlib\infback.c">
      <Filter>zlib</Filter>
    </ClCompile>
    <ClCompile Include="..\zlib\inffast.c">
      <Filter>zlib</Filter>
    </ClCompile>
    <ClCompile Include="..\zlib\inflate.c">
      <Filter>zlib</Filter>
    </ClCompile>
    <ClCompile Include="..\zlib\inftrees.c">
      <Filter>zlib</Filter>
    </ClCompile>
    <ClCompile Include="..\zlib\trees.c">
      <Filter>zlib</Filter>
    </ClCompile>
    <ClCompile Include="..\zlib\uncompr.c">
      <Filter>zlib</Filter>
    </ClCompile>
    <ClCompile Include="..\zlib\zutil.c">
      <Filter>zlib</Filter>
    </ClCompile>
    <ClCompile Include="..\RakNet\Source\_FindFirst.cpp">
      <Filter>RakNet</Filter>
    </ClCompile>
    <ClCompile Include="..\RakNet\Source\Base64Encoder.cpp">
      <Filter>RakNet</Filter>
    </ClCompile>
    <ClCompile Include="..\RakNet\Source\BitStream.cpp">
      <Filter>RakNet</Filter>
    </ClCompile>
    <ClCompile Include="..\RakNet\Source\CCRakNetSlidingWindow.cpp">
      <Filter>RakNet</Filter>
    </ClCompile>
    <ClCompile Include="..\RakNet\Source\CCRakNetUDT.cpp">
      <Filter>RakNet</Filter>
    </ClCompile>
    <ClCompile Include="..\RakNet\Source\CheckSum.cpp">
      <Filter>RakNet</Filter>
    </ClCompile>
    <ClCompile Include="..\RakNet\Source\CloudClient.cpp">
      <Filter>RakNet</Filter>
    </ClCompile>
    <ClCompile Include="..\RakNet\Source\CloudCommon.cpp">
      <Filter>RakNet</Filter>
    </ClCompile>
    <ClCompile Include="..\RakNet\Source\CloudServer.cpp">
      <Filter>RakNet</Filter>
    </ClCompile>
    <ClCompile Include="..\RakNet\Source\CommandParserInterface.cpp">
      <Filter>RakNet</Filter>
    </ClCompile>
    <ClCompile Include="..\RakNet\Source\ConnectionGraph2.cpp">
      <Filter>RakNet</Filter>
    </ClCompile>
    <ClCompile Include="..\RakNet\Source\ConsoleServer.cpp">
      <Filter>RakNet</Filter>
    </ClCompile>
    <ClCompile Include="..\RakNet\Source\DataCompressor.cpp">
      <Filter>RakNet</Filter>
    </ClCompile>
    <ClCompile Include="..\RakNet\Source\DirectoryDeltaTransfer.cpp">
      <Filter>RakNet</Filter>
    </ClCompile>
    <ClCompile Include="..\RakNet\Source\DR_SHA1.cpp">
      <Filter>RakNet</Filter>
    </ClCompile>
    <ClCompile Include="..\RakNet\Source\DS_BytePool.cpp">
      <Filter>RakNet</Filter>
    </ClCompile>
    <ClCompile Include="..\RakNet\Source\DS_ByteQueue.cpp">
      <Filter>RakNet</Filter>
    </ClCompile>
    <ClCompile Include="..\RakNet\Source\DS_HuffmanEncodingTree.cpp">
      <Filter>RakNet</Filter>
    </ClCompile>
    <ClCompile Include="..\RakNet\Source\DS_Table.cpp">
      <Filter>RakNet</Filter>
    </ClCompile>
    <ClCompile Include="..\RakNet\Source\DynDNS.cpp">
      <Filter>RakNet</Filter>
    </ClCompile>
    <ClCompile Include="..\RakNet\Source\EmailSender.cpp">
      <Filter>RakNet</Filter>
    </ClCompile>
    <ClCompile Include="..\RakNet\Source\EpochTimeToString.cpp">
      <Filter>RakNet</Filter>
    </ClCompile>
    <ClCompile Include="..\RakNet\Source\FileList.cpp">
      <Filter>RakNet</Filter>
    </ClCompile>
    <ClCompile Include="..\RakNet\Source\FileListTransfer.cpp">
      <Filter>RakNet</Filter>
    </ClCompile>
    <ClCompile Include="..\RakNet\Source\FileOperations.cpp">
      <Filter>RakNet</Filter>
    </ClCompile>
    <ClCompile Include="..\RakNet\Source\FormatString.cpp">
      <Filter>RakNet</Filter>
    </ClCompile>
    <ClCompile Include="..\RakNet\Source\FullyConnectedMesh2.cpp">
      <Filter>RakNet</Filter>
    </ClCompile>
    <ClCompile Include="..\RakNet\Source\Getche.cpp">
      <Filter>RakNet</Filter>
    </ClCompile>
    <ClCompile Include="..\RakNet\Source\Gets.cpp">
      <Filter>RakNet</Filter>
    </ClCompile>
    <ClCompile Include="..\RakNet\Source\GetTime.cpp">
      <Filter>RakNet</Filter>
    </ClCompile>
    <ClCompile Include="..\RakNet\Source\gettimeofday.cpp">
      <Filter>RakNet</Filter>
    </ClCompile>
    <ClCompile Include="..\RakNet\Source\GridSectorizer.cpp">
      <Filter>RakNet</Filter>
    </ClCompile>
    <ClCompile Include="..\RakNet\Source\HTTPConnection.cpp">
      <Filter>RakNet</Filter>
    </ClCompile>
    <ClCompile Include="..\RakNet\Source\HTTPConnection2.cpp">
      <Filter>RakNet</Filter>
    </ClCompile>
    <ClCompile Include="..\RakNet\Source\IncrementalReadInterface.cpp">
      <Filter>RakNet</Filter>
    </ClCompile>
    <ClCompile Include="..\RakNet\Source\Itoa.cpp">
      <Filter>RakNet</Filter>
    </ClCompile>
    <ClCompile Include="..\RakNet\Source\LinuxStrings.cpp">
      <Filter>RakNet</Filter>
    </ClCompile>
    <ClCompile Include="..\RakNet\Source\LocklessTypes.cpp">
      <Filter>RakNet</Filter>
    </ClCompile>
    <ClCompile Include="..\RakNet\Source\LogCommandParser.cpp">
      <Filter>RakNet</Filter>
    </ClCompile>
    <ClCompile Include="..\RakNet\Source\MessageFilter.cpp">
      <Filter>RakNet</Filter>
    </ClCompile>
    <ClCompile Include="..\RakNet\Source\NatPunchthroughClient.cpp">
      <Filter>RakNet</Filter>
    </ClCompile>
    <ClCompile Include="..\RakNet\Source\NatPunchthroughServer.cpp">
      <Filter>RakNet</Filter>
    </ClCompile>
    <ClCompile Include="..\RakNet\Source\NatTypeDetectionClient.cpp">
      <Filter>RakNet</Filter>
    </ClCompile>
    <ClCompile Include="..\RakNet\Source\NatTypeDetectionCommon.cpp">
      <Filter>RakNet</Filter>
    </ClCompile>
    <ClCompile Include="..\RakNet\Source\NatTypeDetectionServer.cpp">
      <Filter>RakNet</Filter>
    </ClCompile>
    <ClCompile Include="..\RakNet\Source\NetworkIDManager.cpp">
      <Filter>RakNet</Filter>
    </ClCompile>
    <ClCompile Include="..\RakNet\Source\NetworkIDObject.cpp">
      <Filter>RakNet</Filter>
    </ClCompile>
    <ClCompile Include="..\RakNet\Source\PacketConsoleLogger.cpp">
      <Filter>RakNet</Filter>
    </ClCompile>
    <ClCompile Include="..\RakNet\Source\PacketFileLogger.cpp">
      <Filter>RakNet</Filter>
    </ClCompile>
    <ClCompile Include="..\RakNet\Source\PacketizedTCP.cpp">
      <Filter>RakNet</Filter>
    </ClCompile>
    <ClCompile Include="..\RakNet\Source\PacketLogger.cpp">
      <Filter>RakNet</Filter>
    </ClCompile>
    <ClCompile Include="..\RakNet\Source\PacketOutputWindowLogger.cpp">
      <Filter>RakNet</Filter>
    </ClCompile>
    <ClCompile Include="..\RakNet\Source\PluginInterface2.cpp">
      <Filter>RakNet</Filter>
    </ClCompile>
    <ClCompile Include="..\RakNet\Source\PS4Includes.cpp">
      <Filter>RakNet</Filter>
    </ClCompile>
    <ClCompile Include="..\RakNet\Source\Rackspace.cpp">
      <Filter>RakNet</Filter>
    </ClCompile>
    <ClCompile Include="..\RakNet\Source\RakMemoryOverride.cpp">
      <Filter>RakNet</Filter>
    </ClCompile>
    <ClCompile Include="..\RakNet\Source\RakNetCommandParser.cpp">
      <Filter>RakNet</Filter>
    </ClCompile>
    <ClCompile Include="..\RakNet\Source\RakNetSocket.cpp">
      <Filter>RakNet</Filter>
    </ClCompile>
    <ClCompile Include="..\RakNet\Source\RakNetSocket2.cpp">
      <Filter>RakNet</Filter>
    </ClCompile>
    <ClCompile Include="..\RakNet\Source\RakNetSocket2_360_720.cpp">
      <Filter>RakNet</Filter>
    </ClCompile>
    <ClCompile Include="..\RakNet\Source\RakNetSocket2_Berkley.cpp">
      <Filter>RakNet</Filter>
    </ClCompile>
    <ClCompile Include="..\RakNet\Source\RakNetSocket2_Berkley_NativeClient.cpp">
      <Filter>RakNet</Filter>
    </ClCompile>
    <ClCompile Include="..\RakNet\Source\RakNetSocket2_NativeClient.cpp">
      <Filter>RakNet</Filter>
    </ClCompile>
    <ClCompile Include="..\RakNet\Source\RakNetSocket2_PS3_PS4.cpp">
      <Filter>RakNet</Filter>
    </ClCompile>
    <ClCompile Include="..\RakNet\Source\RakNetSocket2_PS4.cpp">
      <Filter>RakNet</Filter>
    </ClCompile>
    <ClCompile Include="..\RakNet\Source\RakNetSocket2_Vita.cpp">
      <Filter>RakNet</Filter>
    </ClCompile>
    <ClCompile Include="..\RakNet\Source\RakNetSocket2_Windows_Linux.cpp">
      <Filter>RakNet</Filter>
    </ClCompile>
    <ClCompile Include="..\RakNet\Source\RakNetSocket2_Windows_Linux_360.cpp">
      <Filter>RakNet</Filter>
    </ClCompile>
    <ClCompile Include="..\RakNet\Source\RakNetSocket2_WindowsStore8.cpp">
      <Filter>RakNet</Filter>
    </ClCompile>
    <ClCompile Include="..\RakNet\Source\RakNetStatistics.cpp">
      <Filter>RakNet</Filter>
    </ClCompile>
    <ClCompile Include="..\RakNet\Source\RakNetTransport2.cpp">
      <Filter>RakNet</Filter>
    </ClCompile>
    <ClCompile Include="..\RakNet\Source\RakNetTypes.cpp">
      <Filter>RakNet</Filter>
    </ClCompile>
    <ClCompile Include="..\RakNet\Source\RakPeer.cpp">
      <Filter>RakNet</Filter>
    </ClCompile>
    <ClCompile Include="..\RakNet\Source\RakSleep.cpp">
      <Filter>RakNet</Filter>
    </ClCompile>
    <ClCompile Include="..\RakNet\Source\RakString.cpp">
      <Filter>RakNet</Filter>
    </ClCompile>
    <ClCompile Include="..\RakNet\Source\RakThread.cpp">
      <Filter>RakNet</Filter>
    </ClCompile>
    <ClCompile Include="..\RakNet\Source\RakWString.cpp">
      <Filter>RakNet</Filter>
    </ClCompile>
    <ClCompile Include="..\RakNet\Source\Rand.cpp">
      <Filter>RakNet</Filter>
    </ClCompile>
    <ClCompile Include="..\RakNet\Source\RandSync.cpp">
      <Filter>RakNet</Filter>
    </ClCompile>
    <ClCompile Include="..\RakNet\Source\ReadyEvent.cpp">
      <Filter>RakNet</Filter>
    </ClCompile>
    <ClCompile Include="..\RakNet\Source\RelayPlugin.cpp">
      <Filter>RakNet</Filter>
    </ClCompile>
    <ClCompile Include="..\RakNet\Source\ReliabilityLayer.cpp">
      <Filter>RakNet</Filter>
    </ClCompile>
    <ClCompile Include="..\RakNet\Source\ReplicaManager3.cpp">
      <Filter>RakNet</Filter>
    </ClCompile>
    <ClCompile Include="..\RakNet\Source\Router2.cpp">
      <Filter>RakNet</Filter>
    </ClCompile>
    <ClCompile Include="..\RakNet\Source\RPC4Plugin.cpp">
      <Filter>RakNet</Filter>
    </ClCompile>
    <ClCompile Include="..\RakNet\Source\SecureHandshake.cpp">
      <Filter>RakNet</Filter>
    </ClCompile>
    <ClCompile Include="..\RakNet\Source\SendToThread.cpp">
      <Filter>RakNet</Filter>
    </ClCompile>
    <ClCompile Include="..\RakNet\Source\SignaledEvent.cpp">
      <Filter>RakNet</Filter>
    </ClCompile>
    <ClCompile Include="..\RakNet\Source\SimpleMutex.cpp">
      <Filter>RakNet</Filter>
    </ClCompile>
    <ClCompile Include="..\RakNet\Source\SocketLayer.cpp">
      <Filter>RakNet</Filter>
    </ClCompile>
    <ClCompile Include="..\RakNet\Source\StatisticsHistory.cpp">
      <Filter>RakNet</Filter>
    </ClCompile>
    <ClCompile Include="..\RakNet\Source\StringCompressor.cpp">
      <Filter>RakNet</Filter>
    </ClCompile>
    <ClCompile Include="..\RakNet\Source\StringTable.cpp">
      <Filter>RakNet</Filter>
    </ClCompile>
    <ClCompile Include="..\RakNet\Source\SuperFastHash.cpp">
      <Filter>RakNet</Filter>
    </ClCompile>
    <ClCompile Include="..\RakNet\Source\TableSerializer.cpp">
      <Filter>RakNet</Filter>
    </ClCompile>
    <ClCompile Include="..\RakNet\Source\TCPInterface.cpp">
      <Filter>RakNet</Filter>
    </ClCompile>
    <ClCompile Include="..\RakNet\Source\TeamBalancer.cpp">
      <Filter>RakNet</Filter>
    </ClCompile>
    <ClCompile Include="..\RakNet\Source\TeamManager.cpp">
      <Filter>RakNet</Filter>
    </ClCompile>
    <ClCompile Include="..\RakNet\Source\TelnetTransport.cpp">
      <Filter>RakNet</Filter>
    </ClCompile>
    <ClCompile Include="..\RakNet\Source\ThreadsafePacketLogger.cpp">
      <Filter>RakNet</Filter>
    </ClCompile>
    <ClCompile Include="..\RakNet\Source\TwoWayAuthentication.cpp">
      <Filter>RakNet</Filter>
    </ClCompile>
    <ClCompile Include="..\RakNet\Source\UDPForwarder.cpp">
      <Filter>RakNet</Filter>
    </ClCompile>
    <ClCompile Include="..\RakNet\Source\UDPProxyClient.cpp">
      <Filter>RakNet</Filter>
    </ClCompile>
    <ClCompile Include="..\RakNet\Source\UDPProxyCoordinator.cpp">
      <Filter>RakNet</Filter>
    </ClCompile>
    <ClCompile Include="..\RakNet\Source\UDPProxyServer.cpp">
      <Filter>RakNet</Filter>
    </ClCompile>
    <ClCompile Include="..\RakNet\Source\VariableDeltaSerializer.cpp">
      <Filter>RakNet</Filter>
    </ClCompile>
    <ClCompile Include="..\RakNet\Source\VariableListDeltaTracker.cpp">
      <Filter>RakNet</Filter>
    </ClCompile>
    <ClCompile Include="..\RakNet\Source\VariadicSQLParser.cpp">
      <Filter>RakNet</Filter>
    </ClCompile>
    <ClCompile Include="..\RakNet\Source\VitaIncludes.cpp">
      <Filter>RakNet</Filter>
    </ClCompile>
    <ClCompile Include="..\RakNet\Source\WSAStartupSingleton.cpp">
      <Filter>RakNet</Filter>
    </ClCompile>
    <ClCompile Include="..\zlib\adler32.c">
      <Filter>zlib</Filter>
    </ClCompile>
    <ClCompile Include="ExtendedServerList.cpp">
      <Filter>Interface</Filter>
    </ClCompile>
    <ClCompile Include="Font.cpp">
      <Filter>Interface</Filter>
    </ClCompile>
    <ClCompile Include="Table.cpp">
      <Filter>Interface</Filter>
    </ClCompile>
    <ClCompile Include="Button.cpp">
      <Filter>Interface</Filter>
    </ClCompile>
  </ItemGroup>
  <ItemGroup>
    <ClInclude Include="HooksManager.h">
      <Filter>HooksManager</Filter>
    </ClInclude>
    <ClInclude Include="..\g2api\cgamemanager.hpp">
      <Filter>g2api</Filter>
    </ClInclude>
    <ClInclude Include="..\g2api\constants.hpp">
      <Filter>g2api</Filter>
    </ClInclude>
    <ClInclude Include="..\g2api\g2Api.h">
      <Filter>g2api</Filter>
    </ClInclude>
    <ClInclude Include="..\g2api\macros.hpp">
      <Filter>g2api</Filter>
    </ClInclude>
    <ClInclude Include="..\g2api\ocanictrl_human.hpp">
      <Filter>g2api</Filter>
    </ClInclude>
    <ClInclude Include="..\g2api\ocgame.hpp">
      <Filter>g2api</Filter>
    </ClInclude>
    <ClInclude Include="..\g2api\ocitem.hpp">
      <Filter>g2api</Filter>
    </ClInclude>
    <ClInclude Include="..\g2api\ocmob.hpp">
      <Filter>g2api</Filter>
    </ClInclude>
    <ClInclude Include="..\g2api\ocmsg.hpp">
      <Filter>g2api</Filter>
    </ClInclude>
    <ClInclude Include="..\g2api\ocnpc.hpp">
      <Filter>g2api</Filter>
    </ClInclude>
    <ClInclude Include="..\g2api\ocnpcinventory.hpp">
      <Filter>g2api</Filter>
    </ClInclude>
    <ClInclude Include="..\g2api\ocobjectfactory.hpp">
      <Filter>g2api</Filter>
    </ClInclude>
    <ClInclude Include="..\g2api\ocspawnmanager.hpp">
      <Filter>g2api</Filter>
    </ClInclude>
    <ClInclude Include="..\g2api\ocspell.hpp">
      <Filter>g2api</Filter>
    </ClInclude>
    <ClInclude Include="..\g2api\ocviewgothicprogressbar.hpp">
      <Filter>g2api</Filter>
    </ClInclude>
    <ClInclude Include="..\g2api\ocviewprogressbar.hpp">
      <Filter>g2api</Filter>
    </ClInclude>
    <ClInclude Include="..\g2api\ocviewstatusbar.hpp">
      <Filter>g2api</Filter>
    </ClInclude>
    <ClInclude Include="..\g2api\ocvob.hpp">
      <Filter>g2api</Filter>
    </ClInclude>
    <ClInclude Include="..\g2api\ocworld.hpp">
      <Filter>g2api</Filter>
    </ClInclude>
    <ClInclude Include="..\g2api\ocworldtimer.hpp">
      <Filter>g2api</Filter>
    </ClInclude>
    <ClInclude Include="..\g2api\oczone.hpp">
      <Filter>g2api</Filter>
    </ClInclude>
    <ClInclude Include="..\g2api\osheader.hpp">
      <Filter>g2api</Filter>
    </ClInclude>
    <ClInclude Include="..\g2api\zcaicamera.hpp">
      <Filter>g2api</Filter>
    </ClInclude>
    <ClInclude Include="..\g2api\zcaiplayer.hpp">
      <Filter>g2api</Filter>
    </ClInclude>
    <ClInclude Include="..\g2api\zcarchiver.hpp">
      <Filter>g2api</Filter>
    </ClInclude>
    <ClInclude Include="..\g2api\zcarchiverfactory.hpp">
      <Filter>g2api</Filter>
    </ClInclude>
    <ClInclude Include="..\g2api\zcbsptree.hpp">
      <Filter>g2api</Filter>
    </ClInclude>
    <ClInclude Include="..\g2api\zcbuffer.hpp">
      <Filter>g2api</Filter>
    </ClInclude>
    <ClInclude Include="..\g2api\zccamera.hpp">
      <Filter>g2api</Filter>
    </ClInclude>
    <ClInclude Include="..\g2api\zcclassdef.hpp">
      <Filter>g2api</Filter>
    </ClInclude>
    <ClInclude Include="..\g2api\zcconsole.hpp">
      <Filter>g2api</Filter>
    </ClInclude>
    <ClInclude Include="..\g2api\zceffect.hpp">
      <Filter>g2api</Filter>
    </ClInclude>
    <ClInclude Include="..\g2api\zceventmanager.hpp">
      <Filter>g2api</Filter>
    </ClInclude>
    <ClInclude Include="..\g2api\zcfont.hpp">
      <Filter>g2api</Filter>
    </ClInclude>
    <ClInclude Include="..\g2api\zcinput.hpp">
      <Filter>g2api</Filter>
    </ClInclude>
    <ClInclude Include="..\g2api\zcinputcallback.hpp">
      <Filter>g2api</Filter>
    </ClInclude>
    <ClInclude Include="..\g2api\zcmenu.hpp">
      <Filter>g2api</Filter>
    </ClInclude>
    <ClInclude Include="..\g2api\zcmesh.hpp">
      <Filter>g2api</Filter>
    </ClInclude>
    <ClInclude Include="..\g2api\zcmodel.hpp">
      <Filter>g2api</Filter>
    </ClInclude>
    <ClInclude Include="..\g2api\zcmover.hpp">
      <Filter>g2api</Filter>
    </ClInclude>
    <ClInclude Include="..\g2api\zcobject.hpp">
      <Filter>g2api</Filter>
    </ClInclude>
    <ClInclude Include="..\g2api\zcoption.hpp">
      <Filter>g2api</Filter>
    </ClInclude>
    <ClInclude Include="..\g2api\zcpar_symbol.hpp">
      <Filter>g2api</Filter>
    </ClInclude>
    <ClInclude Include="..\g2api\zcparser.hpp">
      <Filter>g2api</Filter>
    </ClInclude>
    <ClInclude Include="..\g2api\zcparticlefx.hpp">
      <Filter>g2api</Filter>
    </ClInclude>
    <ClInclude Include="..\g2api\zcrenderer.hpp">
      <Filter>g2api</Filter>
    </ClInclude>
    <ClInclude Include="..\g2api\zcsession.hpp">
      <Filter>g2api</Filter>
    </ClInclude>
    <ClInclude Include="..\g2api\zcskycontroller.hpp">
      <Filter>g2api</Filter>
    </ClInclude>
    <ClInclude Include="..\g2api\zcsoundsystem.hpp">
      <Filter>g2api</Filter>
    </ClInclude>
    <ClInclude Include="..\g2api\zctexture.hpp">
      <Filter>g2api</Filter>
    </ClInclude>
    <ClInclude Include="..\g2api\zctimer.hpp">
      <Filter>g2api</Filter>
    </ClInclude>
    <ClInclude Include="..\g2api\zcview.hpp">
      <Filter>g2api</Filter>
    </ClInclude>
    <ClInclude Include="..\g2api\zcvisual.hpp">
      <Filter>g2api</Filter>
    </ClInclude>
    <ClInclude Include="..\g2api\zcvob.hpp">
      <Filter>g2api</Filter>
    </ClInclude>
    <ClInclude Include="..\g2api\zcwaynet.hpp">
      <Filter>g2api</Filter>
    </ClInclude>
    <ClInclude Include="..\g2api\zcworld.hpp">
      <Filter>g2api</Filter>
    </ClInclude>
    <ClInclude Include="..\g2api\zfile.hpp">
      <Filter>g2api</Filter>
    </ClInclude>
    <ClInclude Include="..\g2api\zstring.hpp">
      <Filter>g2api</Filter>
    </ClInclude>
    <ClInclude Include="..\g2api\ztypes.hpp">
      <Filter>g2api</Filter>
    </ClInclude>
    <ClInclude Include="GMPSPlash.h">
      <Filter>patch</Filter>
    </ClInclude>
    <ClInclude Include="patch.h">
      <Filter>patch</Filter>
    </ClInclude>
    <ClInclude Include="buildnumber.h">
      <Filter>common</Filter>
    </ClInclude>
    <ClInclude Include="..\GMP_Serv\CCompression.h">
      <Filter>common</Filter>
    </ClInclude>
    <ClInclude Include="..\common\common.h">
      <Filter>common</Filter>
    </ClInclude>
    <ClInclude Include="..\GMP_Serv\crypt.h">
      <Filter>common</Filter>
    </ClInclude>
    <ClInclude Include="keyboard.h">
      <Filter>common</Filter>
    </ClInclude>
    <ClInclude Include="..\common\singleton.h">
      <Filter>common</Filter>
    </ClInclude>
    <ClInclude Include="..\common\version.h">
      <Filter>common</Filter>
    </ClInclude>
    <ClInclude Include="ExceptionHandler.h">
      <Filter>common\ExceptionHandler</Filter>
    </ClInclude>
    <ClInclude Include="..\InjectMage\InjectMage.h">
      <Filter>common\InjectMage</Filter>
    </ClInclude>
    <ClInclude Include="CLog.h">
      <Filter>common\Log</Filter>
    </ClInclude>
    <ClInclude Include="CLanguage.h">
      <Filter>common\CLanguage</Filter>
    </ClInclude>
    <ClInclude Include="CConfig.h">
      <Filter>common\CConfig</Filter>
    </ClInclude>
    <ClInclude Include="CUpdate.h">
      <Filter>common\CUpdate</Filter>
    </ClInclude>
    <ClInclude Include="CActiveAniID.h">
      <Filter>CGmpClient</Filter>
    </ClInclude>
    <ClInclude Include="CGmpClient.h">
      <Filter>CGmpClient</Filter>
    </ClInclude>
    <ClInclude Include="CHeroClass.h">
      <Filter>CGmpClient</Filter>
    </ClInclude>
    <ClInclude Include="CIngame.h">
      <Filter>CGmpClient</Filter>
    </ClInclude>
    <ClInclude Include="CSelectClass.h">
      <Filter>CGmpClient</Filter>
    </ClInclude>
    <ClInclude Include="CSpawnPoint.h">
      <Filter>CGmpClient</Filter>
    </ClInclude>
    <ClInclude Include="CSyncFuncs.h">
      <Filter>CGmpClient</Filter>
    </ClInclude>
    <ClInclude Include="CFollowNpc.h">
      <Filter>CGmpClient\Npcs</Filter>
    </ClInclude>
    <ClInclude Include="CObservation.h">
      <Filter>CGmpClient\Npcs</Filter>
    </ClInclude>
    <ClInclude Include="CSanta.h">
      <Filter>CGmpClient\Npcs</Filter>
    </ClInclude>
    <ClInclude Include="CShrinker.h">
      <Filter>CGmpClient\Npcs</Filter>
    </ClInclude>
    <ClInclude Include="CLocalPlayer.h">
      <Filter>CGmpClient\Player</Filter>
    </ClInclude>
    <ClInclude Include="CPlayer.h">
      <Filter>CGmpClient\Player</Filter>
    </ClInclude>
    <ClInclude Include="CInventory.h">
      <Filter>CGmpClient\Player\Inventory</Filter>
    </ClInclude>
    <ClInclude Include="CInterpolatePos.h">
      <Filter>CGmpClient\Player\Interpolate</Filter>
    </ClInclude>
    <ClInclude Include="CAnimMenu.h">
      <Filter>Interface</Filter>
    </ClInclude>
    <ClInclude Include="CChat.h">
      <Filter>Interface</Filter>
    </ClInclude>
    <ClInclude Include="CMainMenu.h">
      <Filter>Interface</Filter>
    </ClInclude>
    <ClInclude Include="CMap.h">
      <Filter>Interface</Filter>
    </ClInclude>
    <ClInclude Include="CMenu.h">
      <Filter>Interface</Filter>
    </ClInclude>
    <ClInclude Include="CPlayerList.h">
      <Filter>Interface</Filter>
    </ClInclude>
    <ClInclude Include="CWatch.h">
      <Filter>Interface</Filter>
    </ClInclude>
    <ClInclude Include="Interface.h">
      <Filter>Interface</Filter>
    </ClInclude>
    <ClInclude Include="CServerList.h">
      <Filter>Network</Filter>
    </ClInclude>
    <ClInclude Include="..\Shared\SharedUtil.h">
      <Filter>Shared\SharedUtil</Filter>
    </ClInclude>
    <ClInclude Include="WorldBuilder\CBuilder.h">
      <Filter>WorldBuilder</Filter>
    </ClInclude>
    <ClInclude Include="CObjectMenu.h">
      <Filter>WorldBuilder</Filter>
    </ClInclude>
    <ClInclude Include="WorldBuilder\load.h">
      <Filter>WorldBuilder</Filter>
    </ClInclude>
    <ClInclude Include="WorldBuilder\save.h">
      <Filter>WorldBuilder</Filter>
    </ClInclude>
    <ClInclude Include="Mod.h" />
    <ClInclude Include="..\zlib\crc32.h">
      <Filter>zlib</Filter>
    </ClInclude>
    <ClInclude Include="..\zlib\deflate.h">
      <Filter>zlib</Filter>
    </ClInclude>
    <ClInclude Include="..\zlib\gzguts.h">
      <Filter>zlib</Filter>
    </ClInclude>
    <ClInclude Include="..\zlib\inffast.h">
      <Filter>zlib</Filter>
    </ClInclude>
    <ClInclude Include="..\zlib\inffixed.h">
      <Filter>zlib</Filter>
    </ClInclude>
    <ClInclude Include="..\zlib\inflate.h">
      <Filter>zlib</Filter>
    </ClInclude>
    <ClInclude Include="..\zlib\inftrees.h">
      <Filter>zlib</Filter>
    </ClInclude>
    <ClInclude Include="..\zlib\trees.h">
      <Filter>zlib</Filter>
    </ClInclude>
    <ClInclude Include="..\zlib\zconf.h">
      <Filter>zlib</Filter>
    </ClInclude>
    <ClInclude Include="..\zlib\zutil.h">
      <Filter>zlib</Filter>
    </ClInclude>
    <ClInclude Include="..\RakNet\Source\_FindFirst.h">
      <Filter>RakNet</Filter>
    </ClInclude>
    <ClInclude Include="..\RakNet\Source\AutopatcherPatchContext.h">
      <Filter>RakNet</Filter>
    </ClInclude>
    <ClInclude Include="..\RakNet\Source\AutopatcherRepositoryInterface.h">
      <Filter>RakNet</Filter>
    </ClInclude>
    <ClInclude Include="..\RakNet\Source\Base64Encoder.h">
      <Filter>RakNet</Filter>
    </ClInclude>
    <ClInclude Include="..\RakNet\Source\BitStream.h">
      <Filter>RakNet</Filter>
    </ClInclude>
    <ClInclude Include="..\RakNet\Source\CCRakNetSlidingWindow.h">
      <Filter>RakNet</Filter>
    </ClInclude>
    <ClInclude Include="..\RakNet\Source\CCRakNetUDT.h">
      <Filter>RakNet</Filter>
    </ClInclude>
    <ClInclude Include="..\RakNet\Source\CheckSum.h">
      <Filter>RakNet</Filter>
    </ClInclude>
    <ClInclude Include="..\RakNet\Source\CloudClient.h">
      <Filter>RakNet</Filter>
    </ClInclude>
    <ClInclude Include="..\RakNet\Source\CloudCommon.h">
      <Filter>RakNet</Filter>
    </ClInclude>
    <ClInclude Include="..\RakNet\Source\CloudServer.h">
      <Filter>RakNet</Filter>
    </ClInclude>
    <ClInclude Include="..\RakNet\Source\CommandParserInterface.h">
      <Filter>RakNet</Filter>
    </ClInclude>
    <ClInclude Include="..\RakNet\Source\ConnectionGraph2.h">
      <Filter>RakNet</Filter>
    </ClInclude>
    <ClInclude Include="..\RakNet\Source\ConsoleServer.h">
      <Filter>RakNet</Filter>
    </ClInclude>
    <ClInclude Include="..\RakNet\Source\DataCompressor.h">
      <Filter>RakNet</Filter>
    </ClInclude>
    <ClInclude Include="..\RakNet\Source\DirectoryDeltaTransfer.h">
      <Filter>RakNet</Filter>
    </ClInclude>
    <ClInclude Include="..\RakNet\Source\DR_SHA1.h">
      <Filter>RakNet</Filter>
    </ClInclude>
    <ClInclude Include="..\RakNet\Source\DS_BinarySearchTree.h">
      <Filter>RakNet</Filter>
    </ClInclude>
    <ClInclude Include="..\RakNet\Source\DS_BPlusTree.h">
      <Filter>RakNet</Filter>
    </ClInclude>
    <ClInclude Include="..\RakNet\Source\DS_BytePool.h">
      <Filter>RakNet</Filter>
    </ClInclude>
    <ClInclude Include="..\RakNet\Source\DS_ByteQueue.h">
      <Filter>RakNet</Filter>
    </ClInclude>
    <ClInclude Include="..\RakNet\Source\DS_Hash.h">
      <Filter>RakNet</Filter>
    </ClInclude>
    <ClInclude Include="..\RakNet\Source\DS_Heap.h">
      <Filter>RakNet</Filter>
    </ClInclude>
    <ClInclude Include="..\RakNet\Source\DS_HuffmanEncodingTree.h">
      <Filter>RakNet</Filter>
    </ClInclude>
    <ClInclude Include="..\RakNet\Source\DS_HuffmanEncodingTreeFactory.h">
      <Filter>RakNet</Filter>
    </ClInclude>
    <ClInclude Include="..\RakNet\Source\DS_HuffmanEncodingTreeNode.h">
      <Filter>RakNet</Filter>
    </ClInclude>
    <ClInclude Include="..\RakNet\Source\DS_LinkedList.h">
      <Filter>RakNet</Filter>
    </ClInclude>
    <ClInclude Include="..\RakNet\Source\DS_List.h">
      <Filter>RakNet</Filter>
    </ClInclude>
    <ClInclude Include="..\RakNet\Source\DS_Map.h">
      <Filter>RakNet</Filter>
    </ClInclude>
    <ClInclude Include="..\RakNet\Source\DS_MemoryPool.h">
      <Filter>RakNet</Filter>
    </ClInclude>
    <ClInclude Include="..\RakNet\Source\DS_Multilist.h">
      <Filter>RakNet</Filter>
    </ClInclude>
    <ClInclude Include="..\RakNet\Source\DS_OrderedChannelHeap.h">
      <Filter>RakNet</Filter>
    </ClInclude>
    <ClInclude Include="..\RakNet\Source\DS_OrderedList.h">
      <Filter>RakNet</Filter>
    </ClInclude>
    <ClInclude Include="..\RakNet\Source\DS_Queue.h">
      <Filter>RakNet</Filter>
    </ClInclude>
    <ClInclude Include="..\RakNet\Source\DS_QueueLinkedList.h">
      <Filter>RakNet</Filter>
    </ClInclude>
    <ClInclude Include="..\RakNet\Source\DS_RangeList.h">
      <Filter>RakNet</Filter>
    </ClInclude>
    <ClInclude Include="..\RakNet\Source\DS_Table.h">
      <Filter>RakNet</Filter>
    </ClInclude>
    <ClInclude Include="..\RakNet\Source\DS_ThreadsafeAllocatingQueue.h">
      <Filter>RakNet</Filter>
    </ClInclude>
    <ClInclude Include="..\RakNet\Source\DS_Tree.h">
      <Filter>RakNet</Filter>
    </ClInclude>
    <ClInclude Include="..\RakNet\Source\DS_WeightedGraph.h">
      <Filter>RakNet</Filter>
    </ClInclude>
    <ClInclude Include="..\RakNet\Source\DynDNS.h">
      <Filter>RakNet</Filter>
    </ClInclude>
    <ClInclude Include="..\RakNet\Source\EmailSender.h">
      <Filter>RakNet</Filter>
    </ClInclude>
    <ClInclude Include="..\RakNet\Source\EmptyHeader.h">
      <Filter>RakNet</Filter>
    </ClInclude>
    <ClInclude Include="..\RakNet\Source\EpochTimeToString.h">
      <Filter>RakNet</Filter>
    </ClInclude>
    <ClInclude Include="..\RakNet\Source\Export.h">
      <Filter>RakNet</Filter>
    </ClInclude>
    <ClInclude Include="..\RakNet\Source\FileList.h">
      <Filter>RakNet</Filter>
    </ClInclude>
    <ClInclude Include="..\RakNet\Source\FileListNodeContext.h">
      <Filter>RakNet</Filter>
    </ClInclude>
    <ClInclude Include="..\RakNet\Source\FileListTransfer.h">
      <Filter>RakNet</Filter>
    </ClInclude>
    <ClInclude Include="..\RakNet\Source\FileListTransferCBInterface.h">
      <Filter>RakNet</Filter>
    </ClInclude>
    <ClInclude Include="..\RakNet\Source\FileOperations.h">
      <Filter>RakNet</Filter>
    </ClInclude>
    <ClInclude Include="..\RakNet\Source\FormatString.h">
      <Filter>RakNet</Filter>
    </ClInclude>
    <ClInclude Include="..\RakNet\Source\FullyConnectedMesh2.h">
      <Filter>RakNet</Filter>
    </ClInclude>
    <ClInclude Include="..\RakNet\Source\Getche.h">
      <Filter>RakNet</Filter>
    </ClInclude>
    <ClInclude Include="..\RakNet\Source\Gets.h">
      <Filter>RakNet</Filter>
    </ClInclude>
    <ClInclude Include="..\RakNet\Source\GetTime.h">
      <Filter>RakNet</Filter>
    </ClInclude>
    <ClInclude Include="..\RakNet\Source\gettimeofday.h">
      <Filter>RakNet</Filter>
    </ClInclude>
    <ClInclude Include="..\RakNet\Source\GridSectorizer.h">
      <Filter>RakNet</Filter>
    </ClInclude>
    <ClInclude Include="..\RakNet\Source\HTTPConnection.h">
      <Filter>RakNet</Filter>
    </ClInclude>
    <ClInclude Include="..\RakNet\Source\HTTPConnection2.h">
      <Filter>RakNet</Filter>
    </ClInclude>
    <ClInclude Include="..\RakNet\Source\IncrementalReadInterface.h">
      <Filter>RakNet</Filter>
    </ClInclude>
    <ClInclude Include="..\RakNet\Source\InternalPacket.h">
      <Filter>RakNet</Filter>
    </ClInclude>
    <ClInclude Include="..\RakNet\Source\Itoa.h">
      <Filter>RakNet</Filter>
    </ClInclude>
    <ClInclude Include="..\RakNet\Source\Kbhit.h">
      <Filter>RakNet</Filter>
    </ClInclude>
    <ClInclude Include="..\RakNet\Source\LinuxStrings.h">
      <Filter>RakNet</Filter>
    </ClInclude>
    <ClInclude Include="..\RakNet\Source\LocklessTypes.h">
      <Filter>RakNet</Filter>
    </ClInclude>
    <ClInclude Include="..\RakNet\Source\LogCommandParser.h">
      <Filter>RakNet</Filter>
    </ClInclude>
    <ClInclude Include="..\RakNet\Source\MessageFilter.h">
      <Filter>RakNet</Filter>
    </ClInclude>
    <ClInclude Include="..\RakNet\Source\MessageIdentifiers.h">
      <Filter>RakNet</Filter>
    </ClInclude>
    <ClInclude Include="..\RakNet\Source\MTUSize.h">
      <Filter>RakNet</Filter>
    </ClInclude>
    <ClInclude Include="..\RakNet\Source\NativeFeatureIncludes.h">
      <Filter>RakNet</Filter>
    </ClInclude>
    <ClInclude Include="..\RakNet\Source\NativeFeatureIncludesOverrides.h">
      <Filter>RakNet</Filter>
    </ClInclude>
    <ClInclude Include="..\RakNet\Source\NativeTypes.h">
      <Filter>RakNet</Filter>
    </ClInclude>
    <ClInclude Include="..\RakNet\Source\NatPunchthroughClient.h">
      <Filter>RakNet</Filter>
    </ClInclude>
    <ClInclude Include="..\RakNet\Source\NatPunchthroughServer.h">
      <Filter>RakNet</Filter>
    </ClInclude>
    <ClInclude Include="..\RakNet\Source\NatTypeDetectionClient.h">
      <Filter>RakNet</Filter>
    </ClInclude>
    <ClInclude Include="..\RakNet\Source\NatTypeDetectionCommon.h">
      <Filter>RakNet</Filter>
    </ClInclude>
    <ClInclude Include="..\RakNet\Source\NatTypeDetectionServer.h">
      <Filter>RakNet</Filter>
    </ClInclude>
    <ClInclude Include="..\RakNet\Source\NetworkIDManager.h">
      <Filter>RakNet</Filter>
    </ClInclude>
    <ClInclude Include="..\RakNet\Source\NetworkIDObject.h">
      <Filter>RakNet</Filter>
    </ClInclude>
    <ClInclude Include="..\RakNet\Source\PacketConsoleLogger.h">
      <Filter>RakNet</Filter>
    </ClInclude>
    <ClInclude Include="..\RakNet\Source\PacketFileLogger.h">
      <Filter>RakNet</Filter>
    </ClInclude>
    <ClInclude Include="..\RakNet\Source\PacketizedTCP.h">
      <Filter>RakNet</Filter>
    </ClInclude>
    <ClInclude Include="..\RakNet\Source\PacketLogger.h">
      <Filter>RakNet</Filter>
    </ClInclude>
    <ClInclude Include="..\RakNet\Source\PacketOutputWindowLogger.h">
      <Filter>RakNet</Filter>
    </ClInclude>
    <ClInclude Include="..\RakNet\Source\PacketPool.h">
      <Filter>RakNet</Filter>
    </ClInclude>
    <ClInclude Include="..\RakNet\Source\PacketPriority.h">
      <Filter>RakNet</Filter>
    </ClInclude>
    <ClInclude Include="..\RakNet\Source\PluginInterface2.h">
      <Filter>RakNet</Filter>
    </ClInclude>
    <ClInclude Include="..\RakNet\Source\PS3Includes.h">
      <Filter>RakNet</Filter>
    </ClInclude>
    <ClInclude Include="..\RakNet\Source\PS4Includes.h">
      <Filter>RakNet</Filter>
    </ClInclude>
    <ClInclude Include="..\RakNet\Source\Rackspace.h">
      <Filter>RakNet</Filter>
    </ClInclude>
    <ClInclude Include="..\RakNet\Source\RakAlloca.h">
      <Filter>RakNet</Filter>
    </ClInclude>
    <ClInclude Include="..\RakNet\Source\RakAssert.h">
      <Filter>RakNet</Filter>
    </ClInclude>
    <ClInclude Include="..\RakNet\Source\RakMemoryOverride.h">
      <Filter>RakNet</Filter>
    </ClInclude>
    <ClInclude Include="..\RakNet\Source\RakNetCommandParser.h">
      <Filter>RakNet</Filter>
    </ClInclude>
    <ClInclude Include="..\RakNet\Source\RakNetDefines.h">
      <Filter>RakNet</Filter>
    </ClInclude>
    <ClInclude Include="..\RakNet\Source\RakNetDefinesOverrides.h">
      <Filter>RakNet</Filter>
    </ClInclude>
    <ClInclude Include="..\RakNet\Source\RakNetSmartPtr.h">
      <Filter>RakNet</Filter>
    </ClInclude>
    <ClInclude Include="..\RakNet\Source\RakNetSocket.h">
      <Filter>RakNet</Filter>
    </ClInclude>
    <ClInclude Include="..\RakNet\Source\RakNetSocket2.h">
      <Filter>RakNet</Filter>
    </ClInclude>
    <ClInclude Include="..\RakNet\Source\RakNetStatistics.h">
      <Filter>RakNet</Filter>
    </ClInclude>
    <ClInclude Include="..\RakNet\Source\RakNetTime.h">
      <Filter>RakNet</Filter>
    </ClInclude>
    <ClInclude Include="..\RakNet\Source\RakNetTransport2.h">
      <Filter>RakNet</Filter>
    </ClInclude>
    <ClInclude Include="..\RakNet\Source\RakNetTypes.h">
      <Filter>RakNet</Filter>
    </ClInclude>
    <ClInclude Include="..\RakNet\Source\RakNetVersion.h">
      <Filter>RakNet</Filter>
    </ClInclude>
    <ClInclude Include="..\RakNet\Source\RakPeer.h">
      <Filter>RakNet</Filter>
    </ClInclude>
    <ClInclude Include="..\RakNet\Source\RakPeerInterface.h">
      <Filter>RakNet</Filter>
    </ClInclude>
    <ClInclude Include="..\RakNet\Source\RakSleep.h">
      <Filter>RakNet</Filter>
    </ClInclude>
    <ClInclude Include="..\RakNet\Source\RakString.h">
      <Filter>RakNet</Filter>
    </ClInclude>
    <ClInclude Include="..\RakNet\Source\RakThread.h">
      <Filter>RakNet</Filter>
    </ClInclude>
    <ClInclude Include="..\RakNet\Source\RakWString.h">
      <Filter>RakNet</Filter>
    </ClInclude>
    <ClInclude Include="..\RakNet\Source\Rand.h">
      <Filter>RakNet</Filter>
    </ClInclude>
    <ClInclude Include="..\RakNet\Source\RandSync.h">
      <Filter>RakNet</Filter>
    </ClInclude>
    <ClInclude Include="..\RakNet\Source\ReadyEvent.h">
      <Filter>RakNet</Filter>
    </ClInclude>
    <ClInclude Include="..\RakNet\Source\RefCountedObj.h">
      <Filter>RakNet</Filter>
    </ClInclude>
    <ClInclude Include="..\RakNet\Source\RelayPlugin.h">
      <Filter>RakNet</Filter>
    </ClInclude>
    <ClInclude Include="..\RakNet\Source\ReliabilityLayer.h">
      <Filter>RakNet</Filter>
    </ClInclude>
    <ClInclude Include="..\RakNet\Source\ReplicaEnums.h">
      <Filter>RakNet</Filter>
    </ClInclude>
    <ClInclude Include="..\RakNet\Source\ReplicaManager3.h">
      <Filter>RakNet</Filter>
    </ClInclude>
    <ClInclude Include="..\RakNet\Source\Router2.h">
      <Filter>RakNet</Filter>
    </ClInclude>
    <ClInclude Include="..\RakNet\Source\RPC4Plugin.h">
      <Filter>RakNet</Filter>
    </ClInclude>
    <ClInclude Include="..\RakNet\Source\SecureHandshake.h">
      <Filter>RakNet</Filter>
    </ClInclude>
    <ClInclude Include="..\RakNet\Source\SendToThread.h">
      <Filter>RakNet</Filter>
    </ClInclude>
    <ClInclude Include="..\RakNet\Source\SignaledEvent.h">
      <Filter>RakNet</Filter>
    </ClInclude>
    <ClInclude Include="..\RakNet\Source\SimpleMutex.h">
      <Filter>RakNet</Filter>
    </ClInclude>
    <ClInclude Include="..\RakNet\Source\SimpleTCPServer.h">
      <Filter>RakNet</Filter>
    </ClInclude>
    <ClInclude Include="..\RakNet\Source\SingleProducerConsumer.h">
      <Filter>RakNet</Filter>
    </ClInclude>
    <ClInclude Include="..\RakNet\Source\SocketDefines.h">
      <Filter>RakNet</Filter>
    </ClInclude>
    <ClInclude Include="..\RakNet\Source\SocketIncludes.h">
      <Filter>RakNet</Filter>
    </ClInclude>
    <ClInclude Include="..\RakNet\Source\SocketLayer.h">
      <Filter>RakNet</Filter>
    </ClInclude>
    <ClInclude Include="..\RakNet\Source\StatisticsHistory.h">
      <Filter>RakNet</Filter>
    </ClInclude>
    <ClInclude Include="..\RakNet\Source\StringCompressor.h">
      <Filter>RakNet</Filter>
    </ClInclude>
    <ClInclude Include="..\RakNet\Source\StringTable.h">
      <Filter>RakNet</Filter>
    </ClInclude>
    <ClInclude Include="..\RakNet\Source\SuperFastHash.h">
      <Filter>RakNet</Filter>
    </ClInclude>
    <ClInclude Include="..\RakNet\Source\TableSerializer.h">
      <Filter>RakNet</Filter>
    </ClInclude>
    <ClInclude Include="..\RakNet\Source\TCPInterface.h">
      <Filter>RakNet</Filter>
    </ClInclude>
    <ClInclude Include="..\RakNet\Source\TeamBalancer.h">
      <Filter>RakNet</Filter>
    </ClInclude>
    <ClInclude Include="..\RakNet\Source\TeamManager.h">
      <Filter>RakNet</Filter>
    </ClInclude>
    <ClInclude Include="..\RakNet\Source\TelnetTransport.h">
      <Filter>RakNet</Filter>
    </ClInclude>
    <ClInclude Include="..\RakNet\Source\ThreadPool.h">
      <Filter>RakNet</Filter>
    </ClInclude>
    <ClInclude Include="..\RakNet\Source\ThreadsafePacketLogger.h">
      <Filter>RakNet</Filter>
    </ClInclude>
    <ClInclude Include="..\RakNet\Source\TransportInterface.h">
      <Filter>RakNet</Filter>
    </ClInclude>
    <ClInclude Include="..\RakNet\Source\TwoWayAuthentication.h">
      <Filter>RakNet</Filter>
    </ClInclude>
    <ClInclude Include="..\RakNet\Source\UDPForwarder.h">
      <Filter>RakNet</Filter>
    </ClInclude>
    <ClInclude Include="..\RakNet\Source\UDPProxyClient.h">
      <Filter>RakNet</Filter>
    </ClInclude>
    <ClInclude Include="..\RakNet\Source\UDPProxyCommon.h">
      <Filter>RakNet</Filter>
    </ClInclude>
    <ClInclude Include="..\RakNet\Source\UDPProxyCoordinator.h">
      <Filter>RakNet</Filter>
    </ClInclude>
    <ClInclude Include="..\RakNet\Source\UDPProxyServer.h">
      <Filter>RakNet</Filter>
    </ClInclude>
    <ClInclude Include="..\RakNet\Source\VariableDeltaSerializer.h">
      <Filter>RakNet</Filter>
    </ClInclude>
    <ClInclude Include="..\RakNet\Source\VariableListDeltaTracker.h">
      <Filter>RakNet</Filter>
    </ClInclude>
    <ClInclude Include="..\RakNet\Source\VariadicSQLParser.h">
      <Filter>RakNet</Filter>
    </ClInclude>
    <ClInclude Include="..\RakNet\Source\VitaIncludes.h">
      <Filter>RakNet</Filter>
    </ClInclude>
    <ClInclude Include="..\RakNet\Source\WindowsIncludes.h">
      <Filter>RakNet</Filter>
    </ClInclude>
    <ClInclude Include="..\RakNet\Source\WSAStartupSingleton.h">
      <Filter>RakNet</Filter>
    </ClInclude>
    <ClInclude Include="..\RakNet\Source\XBox360Includes.h">
      <Filter>RakNet</Filter>
    </ClInclude>
    <ClInclude Include="ExtendedServerList.h">
      <Filter>Interface</Filter>
    </ClInclude>
    <ClInclude Include="Font.h">
      <Filter>Interface</Filter>
    </ClInclude>
    <ClInclude Include="G2W.h">
      <Filter>Interface</Filter>
    </ClInclude>
    <ClInclude Include="Table.h">
      <Filter>Interface</Filter>
    </ClInclude>
    <ClInclude Include="Button.h">
      <Filter>Interface</Filter>
    </ClInclude>
    <ClInclude Include="StandardFonts.h">
      <Filter>Interface</Filter>
    </ClInclude>
  </ItemGroup>
  <ItemGroup>
    <None Include="..\g2api\ztypes.inl">
      <Filter>g2api</Filter>
    </None>
    <None Include="..\RakNet\Source\RakNet.vcproj">
      <Filter>RakNet</Filter>
    </None>
    <None Include="..\RakNet\Source\RakNet_vc8.vcproj">
      <Filter>RakNet</Filter>
    </None>
    <None Include="..\RakNet\Source\RakNet_vc9.vcproj">
      <Filter>RakNet</Filter>
    </None>
  </ItemGroup>
  <ItemGroup>
    <ResourceCompile Include="resource.rc">
      <Filter>res</Filter>
    </ResourceCompile>
  </ItemGroup>
  <ItemGroup>
    <Text Include="..\RakNet\Source\CMakeLists.txt">
      <Filter>RakNet</Filter>
    </Text>
  </ItemGroup>
</Project>